
Microsoft Visual Studio Solution File, Format Version 12.00
# Visual Studio 15
VisualStudioVersion = 15.0.26430.16
MinimumVisualStudioVersion = 10.0.40219.1
Project("{FAE04EC0-301F-11D3-BF4B-00C04F79EFBC}") = "Nacollector", "Nacollector\Nacollector.csproj", "{BDE07438-1B63-4C47-9358-555105D0E11F}"
	ProjectSection(ProjectDependencies) = postProject
		{34410408-BDE1-4700-A317-BD455CA550EB} = {34410408-BDE1-4700-A317-BD455CA550EB}
		{A14A1A19-DB06-4AE8-B518-3156629B4862} = {A14A1A19-DB06-4AE8-B518-3156629B4862}
	EndProjectSection
EndProject
Project("{FAE04EC0-301F-11D3-BF4B-00C04F79EFBC}") = "NacollectorSpiders", "NacollectorSpiders\NacollectorSpiders.csproj", "{A14A1A19-DB06-4AE8-B518-3156629B4862}"
	ProjectSection(ProjectDependencies) = postProject
		{34410408-BDE1-4700-A317-BD455CA550EB} = {34410408-BDE1-4700-A317-BD455CA550EB}
	EndProjectSection
EndProject
Project("{FAE04EC0-301F-11D3-BF4B-00C04F79EFBC}") = "NacollectorUtils", "NacollectorUtils\NacollectorUtils.csproj", "{34410408-BDE1-4700-A317-BD455CA550EB}"
EndProject
Global
	GlobalSection(SolutionConfigurationPlatforms) = preSolution
		Debug|Any CPU = Debug|Any CPU
		Debug|x86 = Debug|x86
		Release|Any CPU = Release|Any CPU
		Release|x86 = Release|x86
	EndGlobalSection
	GlobalSection(ProjectConfigurationPlatforms) = postSolution
		{BDE07438-1B63-4C47-9358-555105D0E11F}.Debug|Any CPU.ActiveCfg = Debug|x86
		{BDE07438-1B63-4C47-9358-555105D0E11F}.Debug|x86.ActiveCfg = Debug|x86
		{BDE07438-1B63-4C47-9358-555105D0E11F}.Debug|x86.Build.0 = Debug|x86
		{BDE07438-1B63-4C47-9358-555105D0E11F}.Release|Any CPU.ActiveCfg = Release|x86
		{BDE07438-1B63-4C47-9358-555105D0E11F}.Release|x86.ActiveCfg = Release|x86
		{BDE07438-1B63-4C47-9358-555105D0E11F}.Release|x86.Build.0 = Release|x86
		{A14A1A19-DB06-4AE8-B518-3156629B4862}.Debug|Any CPU.ActiveCfg = Debug|x86
		{A14A1A19-DB06-4AE8-B518-3156629B4862}.Debug|x86.ActiveCfg = Debug|x86
		{A14A1A19-DB06-4AE8-B518-3156629B4862}.Debug|x86.Build.0 = Debug|x86
		{A14A1A19-DB06-4AE8-B518-3156629B4862}.Release|Any CPU.ActiveCfg = Release|x86
		{A14A1A19-DB06-4AE8-B518-3156629B4862}.Release|x86.ActiveCfg = Release|x86
		{A14A1A19-DB06-4AE8-B518-3156629B4862}.Release|x86.Build.0 = Release|x86
		{34410408-BDE1-4700-A317-BD455CA550EB}.Debug|Any CPU.ActiveCfg = Debug|x86
		{34410408-BDE1-4700-A317-BD455CA550EB}.Debug|x86.ActiveCfg = Debug|x86
		{34410408-BDE1-4700-A317-BD455CA550EB}.Debug|x86.Build.0 = Debug|x86
		{34410408-BDE1-4700-A317-BD455CA550EB}.Release|Any CPU.ActiveCfg = Release|x86
		{34410408-BDE1-4700-A317-BD455CA550EB}.Release|x86.ActiveCfg = Release|x86
		{34410408-BDE1-4700-A317-BD455CA550EB}.Release|x86.Build.0 = Release|x86
	EndGlobalSection
	GlobalSection(SolutionProperties) = preSolution
		HideSolutionNode = FALSE
	EndGlobalSection
	GlobalSection(ExtensibilityGlobals) = postSolution
		SolutionGuid = {72D62517-16A5-4663-BCD3-F3AD83A85E40}
	EndGlobalSection
EndGlobal
